
Microsoft Visual Studio Solution File, Format Version 12.00
# Visual Studio Version 17
VisualStudioVersion = 17.11.35327.3
MinimumVisualStudioVersion = 10.0.40219.1
Project("{8BC9CEB8-8B4A-11D0-8D11-00A0C91BC942}") = "Exercice1", "Rpg_Textuel\Rpg_Textuel.vcxproj", "{F79263A3-6FA6-4852-B3EB-BEFFC4AD2313}"
EndProject
Project("{8BC9CEB8-8B4A-11D0-8D11-00A0C91BC942}") = "Exercice2", "Exercice2\Exercice2.vcxproj", "{EB856E1F-42DA-4509-B842-6CC99CB88FA3}"
EndProject
Global
	GlobalSection(SolutionConfigurationPlatforms) = preSolution
		Debug|x64 = Debug|x64
		Debug|x86 = Debug|x86
		Release|x64 = Release|x64
		Release|x86 = Release|x86
	EndGlobalSection
	GlobalSection(ProjectConfigurationPlatforms) = postSolution
		{F79263A3-6FA6-4852-B3EB-BEFFC4AD2313}.Debug|x64.ActiveCfg = Debug|x64
		{F79263A3-6FA6-4852-B3EB-BEFFC4AD2313}.Debug|x64.Build.0 = Debug|x64
		{F79263A3-6FA6-4852-B3EB-BEFFC4AD2313}.Debug|x86.ActiveCfg = Debug|Win32
		{F79263A3-6FA6-4852-B3EB-BEFFC4AD2313}.Debug|x86.Build.0 = Debug|Win32
		{F79263A3-6FA6-4852-B3EB-BEFFC4AD2313}.Release|x64.ActiveCfg = Release|x64
		{F79263A3-6FA6-4852-B3EB-BEFFC4AD2313}.Release|x64.Build.0 = Release|x64
		{F79263A3-6FA6-4852-B3EB-BEFFC4AD2313}.Release|x86.ActiveCfg = Release|Win32
		{F79263A3-6FA6-4852-B3EB-BEFFC4AD2313}.Release|x86.Build.0 = Release|Win32
		{EB856E1F-42DA-4509-B842-6CC99CB88FA3}.Debug|x64.ActiveCfg = Debug|x64
		{EB856E1F-42DA-4509-B842-6CC99CB88FA3}.Debug|x64.Build.0 = Debug|x64
		{EB856E1F-42DA-4509-B842-6CC99CB88FA3}.Debug|x86.ActiveCfg = Debug|Win32
		{EB856E1F-42DA-4509-B842-6CC99CB88FA3}.Debug|x86.Build.0 = Debug|Win32
		{EB856E1F-42DA-4509-B842-6CC99CB88FA3}.Release|x64.ActiveCfg = Release|x64
		{EB856E1F-42DA-4509-B842-6CC99CB88FA3}.Release|x64.Build.0 = Release|x64
		{EB856E1F-42DA-4509-B842-6CC99CB88FA3}.Release|x86.ActiveCfg = Release|Win32
		{EB856E1F-42DA-4509-B842-6CC99CB88FA3}.Release|x86.Build.0 = Release|Win32
	EndGlobalSection
	GlobalSection(SolutionProperties) = preSolution
		HideSolutionNode = FALSE
	EndGlobalSection
	GlobalSection(ExtensibilityGlobals) = postSolution
		SolutionGuid = {2C4903C5-64AB-4335-AB29-3B040909C3B2}
	EndGlobalSection
EndGlobal
